// !$*UTF8*$!
{
	archiveVersion = 1;
	classes = {
	};
	objectVersion = 55;
	objects = {

/* Begin PBXBuildFile section */
		ECD9263828438FFA00144E1D /* MoneyManApp.swift in Sources */ = {isa = PBXBuildFile; fileRef = ECD9263728438FFA00144E1D /* MoneyManApp.swift */; };
		ECD9263A28438FFA00144E1D /* ContentView.swift in Sources */ = {isa = PBXBuildFile; fileRef = ECD9263928438FFA00144E1D /* ContentView.swift */; };
		ECD9263C28438FFC00144E1D /* Assets.xcassets in Resources */ = {isa = PBXBuildFile; fileRef = ECD9263B28438FFC00144E1D /* Assets.xcassets */; };
		ECD9263F28438FFC00144E1D /* Preview Assets.xcassets in Resources */ = {isa = PBXBuildFile; fileRef = ECD9263E28438FFC00144E1D /* Preview Assets.xcassets */; };
		ECD9264928438FFC00144E1D /* MoneyManTests.swift in Sources */ = {isa = PBXBuildFile; fileRef = ECD9264828438FFC00144E1D /* MoneyManTests.swift */; };
		ECD9265328438FFC00144E1D /* MoneyManUITests.swift in Sources */ = {isa = PBXBuildFile; fileRef = ECD9265228438FFC00144E1D /* MoneyManUITests.swift */; };
		ECD9265528438FFC00144E1D /* MoneyManUITestsLaunchTests.swift in Sources */ = {isa = PBXBuildFile; fileRef = ECD9265428438FFC00144E1D /* MoneyManUITestsLaunchTests.swift */; };
		ECD92663284390C600144E1D /* Realm in Frameworks */ = {isa = PBXBuildFile; productRef = ECD92662284390C600144E1D /* Realm */; };
		ECD92665284390C600144E1D /* RealmSwift in Frameworks */ = {isa = PBXBuildFile; productRef = ECD92664284390C600144E1D /* RealmSwift */; };
		ECD926682843926400144E1D /* Account.swift in Sources */ = {isa = PBXBuildFile; fileRef = ECD926672843926400144E1D /* Account.swift */; };
		ECD9266A284392F900144E1D /* AccountsListView.swift in Sources */ = {isa = PBXBuildFile; fileRef = ECD92669284392F900144E1D /* AccountsListView.swift */; };
		ECD9266F28439CB200144E1D /* CreateAccountView.swift in Sources */ = {isa = PBXBuildFile; fileRef = ECD9266E28439CB200144E1D /* CreateAccountView.swift */; };
		ECD9267128439EB300144E1D /* AccountCellView.swift in Sources */ = {isa = PBXBuildFile; fileRef = ECD9267028439EB300144E1D /* AccountCellView.swift */; };
		ECD926742843A29300144E1D /* TransactionsListView.swift in Sources */ = {isa = PBXBuildFile; fileRef = ECD926732843A29300144E1D /* TransactionsListView.swift */; };
		ECD926762843A29E00144E1D /* Transaction.swift in Sources */ = {isa = PBXBuildFile; fileRef = ECD926752843A29E00144E1D /* Transaction.swift */; };
		ECD926782843A4A400144E1D /* CreateTransactionView.swift in Sources */ = {isa = PBXBuildFile; fileRef = ECD926772843A4A400144E1D /* CreateTransactionView.swift */; };
		ECD9267A2843AC3200144E1D /* AccountDetailView.swift in Sources */ = {isa = PBXBuildFile; fileRef = ECD926792843AC3200144E1D /* AccountDetailView.swift */; };
		ECD9267C2843AEDB00144E1D /* TransactionCellView.swift in Sources */ = {isa = PBXBuildFile; fileRef = ECD9267B2843AEDB00144E1D /* TransactionCellView.swift */; };
/* End PBXBuildFile section */

/* Begin PBXContainerItemProxy section */
		ECD9264528438FFC00144E1D /* PBXContainerItemProxy */ = {
			isa = PBXContainerItemProxy;
			containerPortal = ECD9262C28438FF900144E1D /* Project object */;
			proxyType = 1;
			remoteGlobalIDString = ECD9263328438FFA00144E1D;
			remoteInfo = MoneyMan;
		};
		ECD9264F28438FFC00144E1D /* PBXContainerItemProxy */ = {
			isa = PBXContainerItemProxy;
			containerPortal = ECD9262C28438FF900144E1D /* Project object */;
			proxyType = 1;
			remoteGlobalIDString = ECD9263328438FFA00144E1D;
			remoteInfo = MoneyMan;
		};
/* End PBXContainerItemProxy section */

/* Begin PBXFileReference section */
		ECD9263428438FFA00144E1D /* MoneyMan.app */ = {isa = PBXFileReference; explicitFileType = wrapper.application; includeInIndex = 0; path = MoneyMan.app; sourceTree = BUILT_PRODUCTS_DIR; };
		ECD9263728438FFA00144E1D /* MoneyManApp.swift */ = {isa = PBXFileReference; lastKnownFileType = sourcecode.swift; path = MoneyManApp.swift; sourceTree = "<group>"; };
		ECD9263928438FFA00144E1D /* ContentView.swift */ = {isa = PBXFileReference; lastKnownFileType = sourcecode.swift; path = ContentView.swift; sourceTree = "<group>"; };
		ECD9263B28438FFC00144E1D /* Assets.xcassets */ = {isa = PBXFileReference; lastKnownFileType = folder.assetcatalog; path = Assets.xcassets; sourceTree = "<group>"; };
		ECD9263E28438FFC00144E1D /* Preview Assets.xcassets */ = {isa = PBXFileReference; lastKnownFileType = folder.assetcatalog; path = "Preview Assets.xcassets"; sourceTree = "<group>"; };
		ECD9264428438FFC00144E1D /* MoneyManTests.xctest */ = {isa = PBXFileReference; explicitFileType = wrapper.cfbundle; includeInIndex = 0; path = MoneyManTests.xctest; sourceTree = BUILT_PRODUCTS_DIR; };
		ECD9264828438FFC00144E1D /* MoneyManTests.swift */ = {isa = PBXFileReference; lastKnownFileType = sourcecode.swift; path = MoneyManTests.swift; sourceTree = "<group>"; };
		ECD9264E28438FFC00144E1D /* MoneyManUITests.xctest */ = {isa = PBXFileReference; explicitFileType = wrapper.cfbundle; includeInIndex = 0; path = MoneyManUITests.xctest; sourceTree = BUILT_PRODUCTS_DIR; };
		ECD9265228438FFC00144E1D /* MoneyManUITests.swift */ = {isa = PBXFileReference; lastKnownFileType = sourcecode.swift; path = MoneyManUITests.swift; sourceTree = "<group>"; };
		ECD9265428438FFC00144E1D /* MoneyManUITestsLaunchTests.swift */ = {isa = PBXFileReference; lastKnownFileType = sourcecode.swift; path = MoneyManUITestsLaunchTests.swift; sourceTree = "<group>"; };
		ECD926672843926400144E1D /* Account.swift */ = {isa = PBXFileReference; lastKnownFileType = sourcecode.swift; path = Account.swift; sourceTree = "<group>"; };
		ECD92669284392F900144E1D /* AccountsListView.swift */ = {isa = PBXFileReference; lastKnownFileType = sourcecode.swift; path = AccountsListView.swift; sourceTree = "<group>"; };
		ECD9266E28439CB200144E1D /* CreateAccountView.swift */ = {isa = PBXFileReference; lastKnownFileType = sourcecode.swift; path = CreateAccountView.swift; sourceTree = "<group>"; };
		ECD9267028439EB300144E1D /* AccountCellView.swift */ = {isa = PBXFileReference; lastKnownFileType = sourcecode.swift; path = AccountCellView.swift; sourceTree = "<group>"; };
		ECD926732843A29300144E1D /* TransactionsListView.swift */ = {isa = PBXFileReference; lastKnownFileType = sourcecode.swift; path = TransactionsListView.swift; sourceTree = "<group>"; };
		ECD926752843A29E00144E1D /* Transaction.swift */ = {isa = PBXFileReference; lastKnownFileType = sourcecode.swift; path = Transaction.swift; sourceTree = "<group>"; };
		ECD926772843A4A400144E1D /* CreateTransactionView.swift */ = {isa = PBXFileReference; lastKnownFileType = sourcecode.swift; path = CreateTransactionView.swift; sourceTree = "<group>"; };
		ECD926792843AC3200144E1D /* AccountDetailView.swift */ = {isa = PBXFileReference; lastKnownFileType = sourcecode.swift; path = AccountDetailView.swift; sourceTree = "<group>"; };
		ECD9267B2843AEDB00144E1D /* TransactionCellView.swift */ = {isa = PBXFileReference; lastKnownFileType = sourcecode.swift; path = TransactionCellView.swift; sourceTree = "<group>"; };
/* End PBXFileReference section */

/* Begin PBXFrameworksBuildPhase section */
		ECD9263128438FFA00144E1D /* Frameworks */ = {
			isa = PBXFrameworksBuildPhase;
			buildActionMask = 2147483647;
			files = (
				ECD92665284390C600144E1D /* RealmSwift in Frameworks */,
				ECD92663284390C600144E1D /* Realm in Frameworks */,
			);
			runOnlyForDeploymentPostprocessing = 0;
		};
		ECD9264128438FFC00144E1D /* Frameworks */ = {
			isa = PBXFrameworksBuildPhase;
			buildActionMask = 2147483647;
			files = (
			);
			runOnlyForDeploymentPostprocessing = 0;
		};
		ECD9264B28438FFC00144E1D /* Frameworks */ = {
			isa = PBXFrameworksBuildPhase;
			buildActionMask = 2147483647;
			files = (
			);
			runOnlyForDeploymentPostprocessing = 0;
		};
/* End PBXFrameworksBuildPhase section */

/* Begin PBXGroup section */
		ECD9262B28438FF900144E1D = {
			isa = PBXGroup;
			children = (
				ECD9263628438FFA00144E1D /* MoneyMan */,
				ECD9264728438FFC00144E1D /* MoneyManTests */,
				ECD9265128438FFC00144E1D /* MoneyManUITests */,
				ECD9263528438FFA00144E1D /* Products */,
			);
			sourceTree = "<group>";
		};
		ECD9263528438FFA00144E1D /* Products */ = {
			isa = PBXGroup;
			children = (
				ECD9263428438FFA00144E1D /* MoneyMan.app */,
				ECD9264428438FFC00144E1D /* MoneyManTests.xctest */,
				ECD9264E28438FFC00144E1D /* MoneyManUITests.xctest */,
			);
			name = Products;
			sourceTree = "<group>";
		};
		ECD9263628438FFA00144E1D /* MoneyMan */ = {
			isa = PBXGroup;
			children = (
				ECD9263728438FFA00144E1D /* MoneyManApp.swift */,
				ECD9263928438FFA00144E1D /* ContentView.swift */,
				ECD926722843A27400144E1D /* TransactionsList */,
				ECD926772843A4A400144E1D /* CreateTransactionView.swift */,
				ECD9266B2843935400144E1D /* AccountsList */,
				ECD9266E28439CB200144E1D /* CreateAccountView.swift */,
				ECD9267E2843B1DF00144E1D /* AccountDetail */,
				ECD9263B28438FFC00144E1D /* Assets.xcassets */,
				ECD926662843925800144E1D /* Models */,
				ECD9263D28438FFC00144E1D /* Preview Content */,
			);
			path = MoneyMan;
			sourceTree = "<group>";
		};
		ECD9263D28438FFC00144E1D /* Preview Content */ = {
			isa = PBXGroup;
			children = (
				ECD9263E28438FFC00144E1D /* Preview Assets.xcassets */,
			);
			path = "Preview Content";
			sourceTree = "<group>";
		};
		ECD9264728438FFC00144E1D /* MoneyManTests */ = {
			isa = PBXGroup;
			children = (
				ECD9264828438FFC00144E1D /* MoneyManTests.swift */,
			);
			path = MoneyManTests;
			sourceTree = "<group>";
		};
		ECD9265128438FFC00144E1D /* MoneyManUITests */ = {
			isa = PBXGroup;
			children = (
				ECD9265228438FFC00144E1D /* MoneyManUITests.swift */,
				ECD9265428438FFC00144E1D /* MoneyManUITestsLaunchTests.swift */,
			);
			path = MoneyManUITests;
			sourceTree = "<group>";
		};
		ECD926662843925800144E1D /* Models */ = {
			isa = PBXGroup;
			children = (
				ECD926672843926400144E1D /* Account.swift */,
				ECD926752843A29E00144E1D /* Transaction.swift */,
			);
			path = Models;
			sourceTree = "<group>";
		};
		ECD9266B2843935400144E1D /* AccountsList */ = {
			isa = PBXGroup;
			children = (
				ECD9267D2843B1CA00144E1D /* Views */,
				ECD92669284392F900144E1D /* AccountsListView.swift */,
			);
			path = AccountsList;
			sourceTree = "<group>";
		};
		ECD926722843A27400144E1D /* TransactionsList */ = {
			isa = PBXGroup;
			children = (
				ECD9267F2843B1EA00144E1D /* Views */,
				ECD926732843A29300144E1D /* TransactionsListView.swift */,
			);
			path = TransactionsList;
			sourceTree = "<group>";
		};
		ECD9267D2843B1CA00144E1D /* Views */ = {
			isa = PBXGroup;
			children = (
				ECD9267028439EB300144E1D /* AccountCellView.swift */,
			);
			path = Views;
			sourceTree = "<group>";
		};
		ECD9267E2843B1DF00144E1D /* AccountDetail */ = {
			isa = PBXGroup;
			children = (
				ECD926792843AC3200144E1D /* AccountDetailView.swift */,
			);
			path = AccountDetail;
			sourceTree = "<group>";
		};
		ECD9267F2843B1EA00144E1D /* Views */ = {
			isa = PBXGroup;
			children = (
				ECD9267B2843AEDB00144E1D /* TransactionCellView.swift */,
			);
			path = Views;
			sourceTree = "<group>";
		};
/* End PBXGroup section */

/* Begin PBXNativeTarget section */
		ECD9263328438FFA00144E1D /* MoneyMan */ = {
			isa = PBXNativeTarget;
			buildConfigurationList = ECD9265828438FFC00144E1D /* Build configuration list for PBXNativeTarget "MoneyMan" */;
			buildPhases = (
				ECD9263028438FFA00144E1D /* Sources */,
				ECD9263128438FFA00144E1D /* Frameworks */,
				ECD9263228438FFA00144E1D /* Resources */,
			);
			buildRules = (
			);
			dependencies = (
			);
			name = MoneyMan;
			packageProductDependencies = (
				ECD92662284390C600144E1D /* Realm */,
				ECD92664284390C600144E1D /* RealmSwift */,
			);
			productName = MoneyMan;
			productReference = ECD9263428438FFA00144E1D /* MoneyMan.app */;
			productType = "com.apple.product-type.application";
		};
		ECD9264328438FFC00144E1D /* MoneyManTests */ = {
			isa = PBXNativeTarget;
			buildConfigurationList = ECD9265B28438FFC00144E1D /* Build configuration list for PBXNativeTarget "MoneyManTests" */;
			buildPhases = (
				ECD9264028438FFC00144E1D /* Sources */,
				ECD9264128438FFC00144E1D /* Frameworks */,
				ECD9264228438FFC00144E1D /* Resources */,
			);
			buildRules = (
			);
			dependencies = (
				ECD9264628438FFC00144E1D /* PBXTargetDependency */,
			);
			name = MoneyManTests;
			productName = MoneyManTests;
			productReference = ECD9264428438FFC00144E1D /* MoneyManTests.xctest */;
			productType = "com.apple.product-type.bundle.unit-test";
		};
		ECD9264D28438FFC00144E1D /* MoneyManUITests */ = {
			isa = PBXNativeTarget;
			buildConfigurationList = ECD9265E28438FFC00144E1D /* Build configuration list for PBXNativeTarget "MoneyManUITests" */;
			buildPhases = (
				ECD9264A28438FFC00144E1D /* Sources */,
				ECD9264B28438FFC00144E1D /* Frameworks */,
				ECD9264C28438FFC00144E1D /* Resources */,
			);
			buildRules = (
			);
			dependencies = (
				ECD9265028438FFC00144E1D /* PBXTargetDependency */,
			);
			name = MoneyManUITests;
			productName = MoneyManUITests;
			productReference = ECD9264E28438FFC00144E1D /* MoneyManUITests.xctest */;
			productType = "com.apple.product-type.bundle.ui-testing";
		};
/* End PBXNativeTarget section */

/* Begin PBXProject section */
		ECD9262C28438FF900144E1D /* Project object */ = {
			isa = PBXProject;
			attributes = {
				BuildIndependentTargetsInParallel = 1;
				LastSwiftUpdateCheck = 1330;
				LastUpgradeCheck = 1330;
				TargetAttributes = {
					ECD9263328438FFA00144E1D = {
						CreatedOnToolsVersion = 13.3.1;
					};
					ECD9264328438FFC00144E1D = {
						CreatedOnToolsVersion = 13.3.1;
						TestTargetID = ECD9263328438FFA00144E1D;
					};
					ECD9264D28438FFC00144E1D = {
						CreatedOnToolsVersion = 13.3.1;
						TestTargetID = ECD9263328438FFA00144E1D;
					};
				};
			};
			buildConfigurationList = ECD9262F28438FF900144E1D /* Build configuration list for PBXProject "MoneyMan" */;
			compatibilityVersion = "Xcode 13.0";
			developmentRegion = en;
			hasScannedForEncodings = 0;
			knownRegions = (
				en,
				Base,
			);
			mainGroup = ECD9262B28438FF900144E1D;
			packageReferences = (
				ECD92661284390C600144E1D /* XCRemoteSwiftPackageReference "realm-swift" */,
			);
			productRefGroup = ECD9263528438FFA00144E1D /* Products */;
			projectDirPath = "";
			projectRoot = "";
			targets = (
				ECD9263328438FFA00144E1D /* MoneyMan */,
				ECD9264328438FFC00144E1D /* MoneyManTests */,
				ECD9264D28438FFC00144E1D /* MoneyManUITests */,
			);
		};
/* End PBXProject section */

/* Begin PBXResourcesBuildPhase section */
		ECD9263228438FFA00144E1D /* Resources */ = {
			isa = PBXResourcesBuildPhase;
			buildActionMask = 2147483647;
			files = (
				ECD9263F28438FFC00144E1D /* Preview Assets.xcassets in Resources */,
				ECD9263C28438FFC00144E1D /* Assets.xcassets in Resources */,
			);
			runOnlyForDeploymentPostprocessing = 0;
		};
		ECD9264228438FFC00144E1D /* Resources */ = {
			isa = PBXResourcesBuildPhase;
			buildActionMask = 2147483647;
			files = (
			);
			runOnlyForDeploymentPostprocessing = 0;
		};
		ECD9264C28438FFC00144E1D /* Resources */ = {
			isa = PBXResourcesBuildPhase;
			buildActionMask = 2147483647;
			files = (
			);
			runOnlyForDeploymentPostprocessing = 0;
		};
/* End PBXResourcesBuildPhase section */

/* Begin PBXSourcesBuildPhase section */
		ECD9263028438FFA00144E1D /* Sources */ = {
			isa = PBXSourcesBuildPhase;
			buildActionMask = 2147483647;
			files = (
				ECD9266A284392F900144E1D /* AccountsListView.swift in Sources */,
				ECD926782843A4A400144E1D /* CreateTransactionView.swift in Sources */,
				ECD926742843A29300144E1D /* TransactionsListView.swift in Sources */,
				ECD9267A2843AC3200144E1D /* AccountDetailView.swift in Sources */,
				ECD926762843A29E00144E1D /* Transaction.swift in Sources */,
				ECD9263A28438FFA00144E1D /* ContentView.swift in Sources */,
				ECD9267128439EB300144E1D /* AccountCellView.swift in Sources */,
				ECD9263828438FFA00144E1D /* MoneyManApp.swift in Sources */,
				ECD926682843926400144E1D /* Account.swift in Sources */,
				ECD9266F28439CB200144E1D /* CreateAccountView.swift in Sources */,
				ECD9267C2843AEDB00144E1D /* TransactionCellView.swift in Sources */,
			);
			runOnlyForDeploymentPostprocessing = 0;
		};
		ECD9264028438FFC00144E1D /* Sources */ = {
			isa = PBXSourcesBuildPhase;
			buildActionMask = 2147483647;
			files = (
				ECD9264928438FFC00144E1D /* MoneyManTests.swift in Sources */,
			);
			runOnlyForDeploymentPostprocessing = 0;
		};
		ECD9264A28438FFC00144E1D /* Sources */ = {
			isa = PBXSourcesBuildPhase;
			buildActionMask = 2147483647;
			files = (
				ECD9265528438FFC00144E1D /* MoneyManUITestsLaunchTests.swift in Sources */,
				ECD9265328438FFC00144E1D /* MoneyManUITests.swift in Sources */,
			);
			runOnlyForDeploymentPostprocessing = 0;
		};
/* End PBXSourcesBuildPhase section */

/* Begin PBXTargetDependency section */
		ECD9264628438FFC00144E1D /* PBXTargetDependency */ = {
			isa = PBXTargetDependency;
			target = ECD9263328438FFA00144E1D /* MoneyMan */;
			targetProxy = ECD9264528438FFC00144E1D /* PBXContainerItemProxy */;
		};
		ECD9265028438FFC00144E1D /* PBXTargetDependency */ = {
			isa = PBXTargetDependency;
			target = ECD9263328438FFA00144E1D /* MoneyMan */;
			targetProxy = ECD9264F28438FFC00144E1D /* PBXContainerItemProxy */;
		};
/* End PBXTargetDependency section */

/* Begin XCBuildConfiguration section */
		ECD9265628438FFC00144E1D /* Debug */ = {
			isa = XCBuildConfiguration;
			buildSettings = {
				ALWAYS_SEARCH_USER_PATHS = NO;
				CLANG_ANALYZER_NONNULL = YES;
				CLANG_ANALYZER_NUMBER_OBJECT_CONVERSION = YES_AGGRESSIVE;
				CLANG_CXX_LANGUAGE_STANDARD = "gnu++17";
				CLANG_ENABLE_MODULES = YES;
				CLANG_ENABLE_OBJC_ARC = YES;
				CLANG_ENABLE_OBJC_WEAK = YES;
				CLANG_WARN_BLOCK_CAPTURE_AUTORELEASING = YES;
				CLANG_WARN_BOOL_CONVERSION = YES;
				CLANG_WARN_COMMA = YES;
				CLANG_WARN_CONSTANT_CONVERSION = YES;
				CLANG_WARN_DEPRECATED_OBJC_IMPLEMENTATIONS = YES;
				CLANG_WARN_DIRECT_OBJC_ISA_USAGE = YES_ERROR;
				CLANG_WARN_DOCUMENTATION_COMMENTS = YES;
				CLANG_WARN_EMPTY_BODY = YES;
				CLANG_WARN_ENUM_CONVERSION = YES;
				CLANG_WARN_INFINITE_RECURSION = YES;
				CLANG_WARN_INT_CONVERSION = YES;
				CLANG_WARN_NON_LITERAL_NULL_CONVERSION = YES;
				CLANG_WARN_OBJC_IMPLICIT_RETAIN_SELF = YES;
				CLANG_WARN_OBJC_LITERAL_CONVERSION = YES;
				CLANG_WARN_OBJC_ROOT_CLASS = YES_ERROR;
				CLANG_WARN_QUOTED_INCLUDE_IN_FRAMEWORK_HEADER = YES;
				CLANG_WARN_RANGE_LOOP_ANALYSIS = YES;
				CLANG_WARN_STRICT_PROTOTYPES = YES;
				CLANG_WARN_SUSPICIOUS_MOVE = YES;
				CLANG_WARN_UNGUARDED_AVAILABILITY = YES_AGGRESSIVE;
				CLANG_WARN_UNREACHABLE_CODE = YES;
				CLANG_WARN__DUPLICATE_METHOD_MATCH = YES;
				COPY_PHASE_STRIP = NO;
				DEBUG_INFORMATION_FORMAT = dwarf;
				ENABLE_STRICT_OBJC_MSGSEND = YES;
				ENABLE_TESTABILITY = YES;
				GCC_C_LANGUAGE_STANDARD = gnu11;
				GCC_DYNAMIC_NO_PIC = NO;
				GCC_NO_COMMON_BLOCKS = YES;
				GCC_OPTIMIZATION_LEVEL = 0;
				GCC_PREPROCESSOR_DEFINITIONS = (
					"DEBUG=1",
					"$(inherited)",
				);
				GCC_WARN_64_TO_32_BIT_CONVERSION = YES;
				GCC_WARN_ABOUT_RETURN_TYPE = YES_ERROR;
				GCC_WARN_UNDECLARED_SELECTOR = YES;
				GCC_WARN_UNINITIALIZED_AUTOS = YES_AGGRESSIVE;
				GCC_WARN_UNUSED_FUNCTION = YES;
				GCC_WARN_UNUSED_VARIABLE = YES;
				IPHONEOS_DEPLOYMENT_TARGET = 15.4;
				MTL_ENABLE_DEBUG_INFO = INCLUDE_SOURCE;
				MTL_FAST_MATH = YES;
				ONLY_ACTIVE_ARCH = YES;
				SDKROOT = iphoneos;
				SWIFT_ACTIVE_COMPILATION_CONDITIONS = DEBUG;
				SWIFT_OPTIMIZATION_LEVEL = "-Onone";
			};
			name = Debug;
		};
		ECD9265728438FFC00144E1D /* Release */ = {
			isa = XCBuildConfiguration;
			buildSettings = {
				ALWAYS_SEARCH_USER_PATHS = NO;
				CLANG_ANALYZER_NONNULL = YES;
				CLANG_ANALYZER_NUMBER_OBJECT_CONVERSION = YES_AGGRESSIVE;
				CLANG_CXX_LANGUAGE_STANDARD = "gnu++17";
				CLANG_ENABLE_MODULES = YES;
				CLANG_ENABLE_OBJC_ARC = YES;
				CLANG_ENABLE_OBJC_WEAK = YES;
				CLANG_WARN_BLOCK_CAPTURE_AUTORELEASING = YES;
				CLANG_WARN_BOOL_CONVERSION = YES;
				CLANG_WARN_COMMA = YES;
				CLANG_WARN_CONSTANT_CONVERSION = YES;
				CLANG_WARN_DEPRECATED_OBJC_IMPLEMENTATIONS = YES;
				CLANG_WARN_DIRECT_OBJC_ISA_USAGE = YES_ERROR;
				CLANG_WARN_DOCUMENTATION_COMMENTS = YES;
				CLANG_WARN_EMPTY_BODY = YES;
				CLANG_WARN_ENUM_CONVERSION = YES;
				CLANG_WARN_INFINITE_RECURSION = YES;
				CLANG_WARN_INT_CONVERSION = YES;
				CLANG_WARN_NON_LITERAL_NULL_CONVERSION = YES;
				CLANG_WARN_OBJC_IMPLICIT_RETAIN_SELF = YES;
				CLANG_WARN_OBJC_LITERAL_CONVERSION = YES;
				CLANG_WARN_OBJC_ROOT_CLASS = YES_ERROR;
				CLANG_WARN_QUOTED_INCLUDE_IN_FRAMEWORK_HEADER = YES;
				CLANG_WARN_RANGE_LOOP_ANALYSIS = YES;
				CLANG_WARN_STRICT_PROTOTYPES = YES;
				CLANG_WARN_SUSPICIOUS_MOVE = YES;
				CLANG_WARN_UNGUARDED_AVAILABILITY = YES_AGGRESSIVE;
				CLANG_WARN_UNREACHABLE_CODE = YES;
				CLANG_WARN__DUPLICATE_METHOD_MATCH = YES;
				COPY_PHASE_STRIP = NO;
				DEBUG_INFORMATION_FORMAT = "dwarf-with-dsym";
				ENABLE_NS_ASSERTIONS = NO;
				ENABLE_STRICT_OBJC_MSGSEND = YES;
				GCC_C_LANGUAGE_STANDARD = gnu11;
				GCC_NO_COMMON_BLOCKS = YES;
				GCC_WARN_64_TO_32_BIT_CONVERSION = YES;
				GCC_WARN_ABOUT_RETURN_TYPE = YES_ERROR;
				GCC_WARN_UNDECLARED_SELECTOR = YES;
				GCC_WARN_UNINITIALIZED_AUTOS = YES_AGGRESSIVE;
				GCC_WARN_UNUSED_FUNCTION = YES;
				GCC_WARN_UNUSED_VARIABLE = YES;
				IPHONEOS_DEPLOYMENT_TARGET = 15.4;
				MTL_ENABLE_DEBUG_INFO = NO;
				MTL_FAST_MATH = YES;
				SDKROOT = iphoneos;
				SWIFT_COMPILATION_MODE = wholemodule;
				SWIFT_OPTIMIZATION_LEVEL = "-O";
				VALIDATE_PRODUCT = YES;
			};
			name = Release;
		};
		ECD9265928438FFC00144E1D /* Debug */ = {
			isa = XCBuildConfiguration;
			buildSettings = {
				ASSETCATALOG_COMPILER_APPICON_NAME = AppIcon;
				ASSETCATALOG_COMPILER_GLOBAL_ACCENT_COLOR_NAME = AccentColor;
				CODE_SIGN_STYLE = Automatic;
				CURRENT_PROJECT_VERSION = 1;
				DEVELOPMENT_ASSET_PATHS = "\"MoneyMan/Preview Content\"";
				DEVELOPMENT_TEAM = 4S3J7NRC9R;
				ENABLE_PREVIEWS = YES;
				GENERATE_INFOPLIST_FILE = YES;
				INFOPLIST_KEY_UIApplicationSceneManifest_Generation = YES;
				INFOPLIST_KEY_UIApplicationSupportsIndirectInputEvents = YES;
				INFOPLIST_KEY_UILaunchScreen_Generation = YES;
				INFOPLIST_KEY_UISupportedInterfaceOrientations_iPad = "UIInterfaceOrientationPortrait UIInterfaceOrientationPortraitUpsideDown UIInterfaceOrientationLandscapeLeft UIInterfaceOrientationLandscapeRight";
				INFOPLIST_KEY_UISupportedInterfaceOrientations_iPhone = "UIInterfaceOrientationPortrait UIInterfaceOrientationLandscapeLeft UIInterfaceOrientationLandscapeRight";
				LD_RUNPATH_SEARCH_PATHS = (
					"$(inherited)",
					"@executable_path/Frameworks",
				);
				MARKETING_VERSION = 1.0;
				PRODUCT_BUNDLE_IDENTIFIER = com.jroyal.MoneyMan;
				PRODUCT_NAME = "$(TARGET_NAME)";
				SWIFT_EMIT_LOC_STRINGS = YES;
				SWIFT_VERSION = 5.0;
				TARGETED_DEVICE_FAMILY = "1,2";
			};
			name = Debug;
		};
		ECD9265A28438FFC00144E1D /* Release */ = {
			isa = XCBuildConfiguration;
			buildSettings = {
				ASSETCATALOG_COMPILER_APPICON_NAME = AppIcon;
				ASSETCATALOG_COMPILER_GLOBAL_ACCENT_COLOR_NAME = AccentColor;
				CODE_SIGN_STYLE = Automatic;
				CURRENT_PROJECT_VERSION = 1;
				DEVELOPMENT_ASSET_PATHS = "\"MoneyMan/Preview Content\"";
				DEVELOPMENT_TEAM = 4S3J7NRC9R;
				ENABLE_PREVIEWS = YES;
				GENERATE_INFOPLIST_FILE = YES;
				INFOPLIST_KEY_UIApplicationSceneManifest_Generation = YES;
				INFOPLIST_KEY_UIApplicationSupportsIndirectInputEvents = YES;
				INFOPLIST_KEY_UILaunchScreen_Generation = YES;
				INFOPLIST_KEY_UISupportedInterfaceOrientations_iPad = "UIInterfaceOrientationPortrait UIInterfaceOrientationPortraitUpsideDown UIInterfaceOrientationLandscapeLeft UIInterfaceOrientationLandscapeRight";
				INFOPLIST_KEY_UISupportedInterfaceOrientations_iPhone = "UIInterfaceOrientationPortrait UIInterfaceOrientationLandscapeLeft UIInterfaceOrientationLandscapeRight";
				LD_RUNPATH_SEARCH_PATHS = (
					"$(inherited)",
					"@executable_path/Frameworks",
				);
				MARKETING_VERSION = 1.0;
				PRODUCT_BUNDLE_IDENTIFIER = com.jroyal.MoneyMan;
				PRODUCT_NAME = "$(TARGET_NAME)";
				SWIFT_EMIT_LOC_STRINGS = YES;
				SWIFT_VERSION = 5.0;
				TARGETED_DEVICE_FAMILY = "1,2";
			};
			name = Release;
		};
		ECD9265C28438FFC00144E1D /* Debug */ = {
			isa = XCBuildConfiguration;
			buildSettings = {
				ALWAYS_EMBED_SWIFT_STANDARD_LIBRARIES = YES;
				BUNDLE_LOADER = "$(TEST_HOST)";
				CODE_SIGN_STYLE = Automatic;
				CURRENT_PROJECT_VERSION = 1;
				DEVELOPMENT_TEAM = 4S3J7NRC9R;
				GENERATE_INFOPLIST_FILE = YES;
				IPHONEOS_DEPLOYMENT_TARGET = 15.4;
				MARKETING_VERSION = 1.0;
				PRODUCT_BUNDLE_IDENTIFIER = com.jroyal.MoneyManTests;
				PRODUCT_NAME = "$(TARGET_NAME)";
				SWIFT_EMIT_LOC_STRINGS = NO;
				SWIFT_VERSION = 5.0;
				TARGETED_DEVICE_FAMILY = "1,2";
				TEST_HOST = "$(BUILT_PRODUCTS_DIR)/MoneyMan.app/MoneyMan";
			};
			name = Debug;
		};
		ECD9265D28438FFC00144E1D /* Release */ = {
			isa = XCBuildConfiguration;
			buildSettings = {
				ALWAYS_EMBED_SWIFT_STANDARD_LIBRARIES = YES;
				BUNDLE_LOADER = "$(TEST_HOST)";
				CODE_SIGN_STYLE = Automatic;
				CURRENT_PROJECT_VERSION = 1;
				DEVELOPMENT_TEAM = 4S3J7NRC9R;
				GENERATE_INFOPLIST_FILE = YES;
				IPHONEOS_DEPLOYMENT_TARGET = 15.4;
				MARKETING_VERSION = 1.0;
				PRODUCT_BUNDLE_IDENTIFIER = com.jroyal.MoneyManTests;
				PRODUCT_NAME = "$(TARGET_NAME)";
				SWIFT_EMIT_LOC_STRINGS = NO;
				SWIFT_VERSION = 5.0;
				TARGETED_DEVICE_FAMILY = "1,2";
				TEST_HOST = "$(BUILT_PRODUCTS_DIR)/MoneyMan.app/MoneyMan";
			};
			name = Release;
		};
		ECD9265F28438FFC00144E1D /* Debug */ = {
			isa = XCBuildConfiguration;
			buildSettings = {
				ALWAYS_EMBED_SWIFT_STANDARD_LIBRARIES = YES;
				CODE_SIGN_STYLE = Automatic;
				CURRENT_PROJECT_VERSION = 1;
				DEVELOPMENT_TEAM = 4S3J7NRC9R;
				GENERATE_INFOPLIST_FILE = YES;
				MARKETING_VERSION = 1.0;
				PRODUCT_BUNDLE_IDENTIFIER = com.jroyal.MoneyManUITests;
				PRODUCT_NAME = "$(TARGET_NAME)";
				SWIFT_EMIT_LOC_STRINGS = NO;
				SWIFT_VERSION = 5.0;
				TARGETED_DEVICE_FAMILY = "1,2";
				TEST_TARGET_NAME = MoneyMan;
			};
			name = Debug;
		};
		ECD9266028438FFC00144E1D /* Release */ = {
			isa = XCBuildConfiguration;
			buildSettings = {
				ALWAYS_EMBED_SWIFT_STANDARD_LIBRARIES = YES;
				CODE_SIGN_STYLE = Automatic;
				CURRENT_PROJECT_VERSION = 1;
				DEVELOPMENT_TEAM = 4S3J7NRC9R;
				GENERATE_INFOPLIST_FILE = YES;
				MARKETING_VERSION = 1.0;
				PRODUCT_BUNDLE_IDENTIFIER = com.jroyal.MoneyManUITests;
				PRODUCT_NAME = "$(TARGET_NAME)";
				SWIFT_EMIT_LOC_STRINGS = NO;
				SWIFT_VERSION = 5.0;
				TARGETED_DEVICE_FAMILY = "1,2";
				TEST_TARGET_NAME = MoneyMan;
			};
			name = Release;
		};
/* End XCBuildConfiguration section */

/* Begin XCConfigurationList section */
		ECD9262F28438FF900144E1D /* Build configuration list for PBXProject "MoneyMan" */ = {
			isa = XCConfigurationList;
			buildConfigurations = (
				ECD9265628438FFC00144E1D /* Debug */,
				ECD9265728438FFC00144E1D /* Release */,
			);
			defaultConfigurationIsVisible = 0;
			defaultConfigurationName = Release;
		};
		ECD9265828438FFC00144E1D /* Build configuration list for PBXNativeTarget "MoneyMan" */ = {
			isa = XCConfigurationList;
			buildConfigurations = (
				ECD9265928438FFC00144E1D /* Debug */,
				ECD9265A28438FFC00144E1D /* Release */,
			);
			defaultConfigurationIsVisible = 0;
			defaultConfigurationName = Release;
		};
		ECD9265B28438FFC00144E1D /* Build configuration list for PBXNativeTarget "MoneyManTests" */ = {
			isa = XCConfigurationList;
			buildConfigurations = (
				ECD9265C28438FFC00144E1D /* Debug */,
				ECD9265D28438FFC00144E1D /* Release */,
			);
			defaultConfigurationIsVisible = 0;
			defaultConfigurationName = Release;
		};
		ECD9265E28438FFC00144E1D /* Build configuration list for PBXNativeTarget "MoneyManUITests" */ = {
			isa = XCConfigurationList;
			buildConfigurations = (
				ECD9265F28438FFC00144E1D /* Debug */,
				ECD9266028438FFC00144E1D /* Release */,
			);
			defaultConfigurationIsVisible = 0;
			defaultConfigurationName = Release;
		};
/* End XCConfigurationList section */

/* Begin XCRemoteSwiftPackageReference section */
		ECD92661284390C600144E1D /* XCRemoteSwiftPackageReference "realm-swift" */ = {
			isa = XCRemoteSwiftPackageReference;
			repositoryURL = "https://github.com/realm/realm-swift.git";
			requirement = {
				branch = master;
				kind = branch;
			};
		};
/* End XCRemoteSwiftPackageReference section */

/* Begin XCSwiftPackageProductDependency section */
		ECD92662284390C600144E1D /* Realm */ = {
			isa = XCSwiftPackageProductDependency;
			package = ECD92661284390C600144E1D /* XCRemoteSwiftPackageReference "realm-swift" */;
			productName = Realm;
		};
		ECD92664284390C600144E1D /* RealmSwift */ = {
			isa = XCSwiftPackageProductDependency;
			package = ECD92661284390C600144E1D /* XCRemoteSwiftPackageReference "realm-swift" */;
			productName = RealmSwift;
		};
/* End XCSwiftPackageProductDependency section */
	};
	rootObject = ECD9262C28438FF900144E1D /* Project object */;
}
